version = 1
revision = 3
requires-python = ">=3.9"
resolution-markers = [
    "python_full_version == '3.13.*'",
    "python_full_version == '3.12.*'",
    "python_full_version == '3.11.*'",
    "python_full_version >= '3.14'",
    "python_full_version == '3.10.*'",
    "python_full_version < '3.10'",
]

[[package]]
name = "alabaster"
version = "0.7.16"
source = { registry = "https://pypi.org/simple" }
sdist = { url = "https://files.pythonhosted.org/packages/c9/3e/13dd8e5ed9094e734ac430b5d0eb4f2bb001708a8b7856cbf8e084e001ba/alabaster-0.7.16.tar.gz", hash = "sha256:75a8b99c28a5dad50dd7f8ccdd447a121ddb3892da9e53d1ca5cca3106d58d65", size = 23776, upload-time = "2024-01-10T00:56:10.189Z" }
wheels = [
    { url = "https://files.pythonhosted.org/packages/32/34/d4e1c02d3bee589efb5dfa17f88ea08bdb3e3eac12bc475462aec52ed223/alabaster-0.7.16-py3-none-any.whl", hash = "sha256:b46733c07dce03ae4e150330b975c75737fa60f0a7c591b6c8bf4928a28e2c92", size = 13511, upload-time = "2024-01-10T00:56:08.388Z" },
]

[[package]]
name = "anyio"
version = "4.12.0"
source = { registry = "https://pypi.org/simple" }
dependencies = [
    { name = "exceptiongroup", marker = "python_full_version < '3.11'" },
    { name = "idna" },
    { name = "typing-extensions", marker = "python_full_version < '3.13'" },
]
sdist = { url = "https://files.pythonhosted.org/packages/16/ce/8a777047513153587e5434fd752e89334ac33e379aa3497db860eeb60377/anyio-4.12.0.tar.gz", hash = "sha256:73c693b567b0c55130c104d0b43a9baf3aa6a31fc6110116509f27bf75e21ec0", size = 228266, upload-time = "2025-11-28T23:37:38.911Z" }
wheels = [
    { url = "https://files.pythonhosted.org/packages/7f/9c/36c5c37947ebfb8c7f22e0eb6e4d188ee2d53aa3880f3f2744fb894f0cb1/anyio-4.12.0-py3-none-any.whl", hash = "sha256:dad2376a628f98eeca4881fc56cd06affd18f659b17a747d3ff0307ced94b1bb", size = 113362, upload-time = "2025-11-28T23:36:57.897Z" },
]

[[package]]
name = "appnope"
version = "0.1.4"
source = { registry = "https://pypi.org/simple" }
sdist = { url = "https://files.pythonhosted.org/packages/35/5d/752690df9ef5b76e169e68d6a129fa6d08a7100ca7f754c89495db3c6019/appnope-0.1.4.tar.gz", hash = "sha256:1de3860566df9caf38f01f86f65e0e13e379af54f9e4bee1e66b48f2efffd1ee", size = 4170, upload-time = "2024-02-06T09:43:11.258Z" }
wheels = [
    { url = "https://files.pythonhosted.org/packages/81/29/5ecc3a15d5a33e31b26c11426c45c501e439cb865d0bff96315d86443b78/appnope-0.1.4-py2.py3-none-any.whl", hash = "sha256:502575ee11cd7a28c0205f379b525beefebab9d161b7c964670864014ed7213c", size = 4321, upload-time = "2024-02-06T09:43:09.663Z" },
]

[[package]]
name = "argon2-cffi"
version = "25.1.0"
source = { registry = "https://pypi.org/simple" }
dependencies = [
    { name = "argon2-cffi-bindings" },
]
sdist = { url = "https://files.pythonhosted.org/packages/0e/89/ce5af8a7d472a67cc819d5d998aa8c82c5d860608c4db9f46f1162d7dab9/argon2_cffi-25.1.0.tar.gz", hash = "sha256:694ae5cc8a42f4c4e2bf2ca0e64e51e23a040c6a517a85074683d3959e1346c1", size = 45706, upload-time = "2025-06-03T06:55:32.073Z" }
wheels = [
    { url = "https://files.pythonhosted.org/packages/4f/d3/a8b22fa575b297cd6e3e3b0155c7e25db170edf1c74783d6a31a2490b8d9/argon2_cffi-25.1.0-py3-none-any.whl", hash = "sha256:fdc8b074db390fccb6eb4a3604ae7231f219aa669a2652e0f20e16ba513d5741", size = 14657, upload-time = "2025-06-03T06:55:30.804Z" },
]

[[package]]
name = "argon2-cffi-bindings"
version = "25.1.0"
source = { registry = "https://pypi.org/simple" }
dependencies = [
    { name = "cffi" },
]
sdist = { url = "https://files.pythonhosted.org/packages/5c/2d/db8af0df73c1cf454f71b2bbe5e356b8c1f8041c979f505b3d3186e520a9/argon2_cffi_bindings-25.1.0.tar.gz", hash = "sha256:b957f3e6ea4d55d820e40ff76f450952807013d361a65d7f28acc0acbf29229d", size = 1783441, upload-time = "2025-07-30T10:02:05.147Z" }
wheels = [
    { url = "https://files.pythonhosted.org/packages/60/97/3c0a35f46e52108d4707c44b95cfe2afcafc50800b5450c197454569b776/argon2_cffi_bindings-25.1.0-cp314-cp314t-macosx_10_13_universal2.whl", hash = "sha256:3d3f05610594151994ca9ccb3c771115bdb4daef161976a266f0dd8aa9996b8f", size = 54393, upload-time = "2025-07-30T10:01:40.97Z" },
    { url = "https://files.pythonhosted.org/packages/9d/f4/98bbd6ee89febd4f212696f13c03ca302b8552e7dbf9c8efa11ea4a388c3/argon2_cffi_bindings-25.1.0-cp314-cp314t-macosx_10_13_x86_64.whl", hash = "sha256:8b8efee945193e667a396cbc7b4fb7d357297d6234d30a489905d96caabde56b", size = 29328, upload-time = "2025-07-30T10:01:41.916Z" },
    { url = "https://files.pythonhosted.org/packages/43/24/90a01c0ef12ac91a6be05969f29944643bc1e5e461155ae6559befa8f00b/argon2_cffi_bindings-25.1.0-cp314-cp314t-macosx_11_0_arm64.whl", hash = "sha256:3c6702abc36bf3ccba3f802b799505def420a1b7039862014a65db3205967f5a", size = 31269, upload-time = "2025-07-30T10:01:42.716Z" },
    { url = "https://files.pythonhosted.org/packages/d4/d3/942aa10782b2697eee7af5e12eeff5ebb325ccfb86dd8abda54174e377e4/argon2_cffi_bindings-25.1.0-cp314-cp314t-manylinux_2_26_aarch64.manylinux_2_28_aarch64.whl", hash = "sha256:a1c70058c6ab1e352304ac7e3b52554daadacd8d453c1752e547c76e9c99ac44", size = 86558, upload-time = "2025-07-30T10:01:43.943Z" },
    { url = "https://files.pythonhosted.org/packages/0d/82/b484f702fec5536e71836fc2dbc8c5267b3f6e78d2d539b4eaa6f0db8bf8/argon2_cffi_bindings-25.1.0-cp314-cp314t-manylinux_2_26_x86_64.manylinux_2_28_x86_64.whl", hash = "sha256:e2fd3bfbff3c5d74fef31a722f729bf93500910db650c925c2d6ef879a7e51cb", size = 92364, upload-time = "2025-07-30T10:01:44.887Z" },
    { url = "https://files.pythonhosted.org/packages/c9/c1/a606ff83b3f1735f3759ad0f2cd9e038a0ad11a3de3b6c673aa41c24bb7b/argon2_cffi_bindings-25.1.0-cp314-cp314t-musllinux_1_2_aarch64.whl", hash = "sha256:c4f9665de60b1b0e99bcd6be4f17d90339698ce954cfd8d9cf4f91c995165a92", size = 85637, upload-time = "2025-07-30T10:01:46.225Z" },
    { url = "https://files.pythonhosted.org/packages/44/b4/678503f12aceb0262f84fa201f6027ed77d71c5019ae03b399b97caa2f19/argon2_cffi_bindings-25.1.0-cp314-cp314t-musllinux_1_2_x86_64.whl", hash = "sha256:ba92837e4a9aa6a508c8d2d7883ed5a8f6c308c89a4790e1e447a220deb79a85", size = 91934, upload-time = "2025-07-30T10:01:47.203Z" },
    { url = "https://files.pythonhosted.org/packages/f0/c7/f36bd08ef9bd9f0a9cff9428406651f5937ce27b6c5b07b92d41f91ae541/argon2_cffi_bindings-25.1.0-cp314-cp314t-win32.whl", hash = "sha256:84a461d4d84ae1295871329b346a97f68eade8c53b6ed9a7ca2d7467f3c8ff6f", size = 28158, upload-time = "2025-07-30T10:01:48.341Z" },
    { url = "https://files.pythonhosted.org/packages/b3/80/0106a7448abb24a2c467bf7d527fe5413b7fdfa4ad6d6a96a43a62ef3988/argon2_cffi_bindings-25.1.0-cp314-cp314t-win_amd64.whl", hash = "sha256:b55aec3565b65f56455eebc9b9f34130440404f27fe21c3b375bf1ea4d8fbae6", size = 32597, upload-time = "2025-07-30T10:01:49.112Z" },
    { url = "https://files.pythonhosted.org/packages/05/b8/d663c9caea07e9180b2cb662772865230715cbd573ba3b5e81793d580316/argon2_cffi_bindings-25.1.0-cp314-cp314t-win_arm64.whl", hash = "sha256:87c33a52407e4c41f3b70a9c2d3f6056d88b10dad7695be708c5021673f55623", size = 28231, upload-time = "2025-07-30T10:01:49.92Z" },
    { url = "https://files.pythonhosted.org/packages/1d/57/96b8b9f93166147826da5f90376e784a10582dd39a393c99bb62cfcf52f0/argon2_cffi_bindings-25.1.0-cp39-abi3-macosx_10_9_universal2.whl", hash = "sha256:aecba1723ae35330a008418a91ea6cfcedf6d31e5fbaa056a166462ff066d500", size = 54121, upload-time = "2025-07-30T10:01:50.815Z" },
    { url = "https://files.pythonhosted.org/packages/0a/08/a9bebdb2e0e602dde230bdde8021b29f71f7841bd54801bcfd514acb5dcf/argon2_cffi_bindings-25.1.0-cp39-abi3-macosx_10_9_x86_64.whl", hash = "sha256:2630b6240b495dfab90aebe159ff784d08ea999aa4b0d17efa734055a07d2f44", size = 29177, upload-time = "2025-07-30T10:01:51.681Z" },
    { url = "https://files.pythonhosted.org/packages/b6/02/d297943bcacf05e4f2a94ab6f462831dc20158614e5d067c35d4e63b9acb/argon2_cffi_bindings-25.1.0-cp39-abi3-macosx_11_0_arm64.whl", hash = "sha256:7aef0c91e2c0fbca6fc68e7555aa60ef7008a739cbe045541e438373bc54d2b0", size = 31090, upload-time = "2025-07-30T10:01:53.184Z" },
    { url = "https://files.pythonhosted.org/packages/c1/93/44365f3d75053e53893ec6d733e4a5e3147502663554b4d864587c7828a7/argon2_cffi_bindings-25.1.0-cp39-abi3-manylinux_2_26_aarch64.manylinux_2_28_aarch64.whl", hash = "sha256:1e021e87faa76ae0d413b619fe2b65ab9a037f24c60a1e6cc43457ae20de6dc6", size = 81246, upload-time = "2025-07-30T10:01:54.145Z" },
    { url = "https://files.pythonhosted.org/packages/09/52/94108adfdd6e2ddf58be64f959a0b9c7d4ef2fa71086c38356d22dc501ea/argon2_cffi_bindings-25.1.0-cp39-abi3-manylinux_2_26_x86_64.manylinux_2_28_x86_64.whl", hash = "sha256:d3e924cfc503018a714f94a49a149fdc0b644eaead5d1f089330399134fa028a", size = 87126, upload-time = "2025-07-30T10:01:55.074Z" },
    { url = "https://files.pythonhosted.org/packages/72/70/7a2993a12b0ffa2a9271259b79cc616e2389ed1a4d93842fac5a1f923ffd/argon2_cffi_bindings-25.1.0-cp39-abi3-musllinux_1_2_aarch64.whl", hash = "sha256:c87b72589133f0346a1cb8d5ecca4b933e3c9b64656c9d175270a000e73b288d", size = 80343, upload-time = "2025-07-30T10:01:56.007Z" },
    { url = "https://files.pythonhosted.org/packages/78/9a/4e5157d893ffc712b74dbd868c7f62365618266982b64accab26bab01edc/argon2_cffi_bindings-25.1.0-cp39-abi3-musllinux_1_2_x86_64.whl", hash = "sha256:1db89609c06afa1a214a69a462ea741cf735b29a57530478c06eb81dd403de99", size = 86777, upload-time = "2025-07-30T10:01:56.943Z" },
    { url = "https://files.pythonhosted.org/packages/74/cd/15777dfde1c29d96de7f18edf4cc94c385646852e7c7b0320aa91ccca583/argon2_cffi_bindings-25.1.0-cp39-abi3-win32.whl", hash = "sha256:473bcb5f82924b1becbb637b63303ec8d10e84c8d241119419897a26116515d2", size = 27180, upload-time = "2025-07-30T10:01:57.759Z" },
    { url = "https://files.pythonhosted.org/packages/e2/c6/a759ece8f1829d1f162261226fbfd2c6832b3ff7657384045286d2afa384/argon2_cffi_bindings-25.1.0-cp39-abi3-win_amd64.whl", hash = "sha256:a98cd7d17e9f7ce244c0803cad3c23a7d379c301ba618a5fa76a67d116618b98", size = 31715, upload-time = "2025-07-30T10:01:58.56Z" },
    { url = "https://files.pythonhosted.org/packages/42/b9/f8d6fa329ab25128b7e98fd83a3cb34d9db5b059a9847eddb840a0af45dd/argon2_cffi_bindings-25.1.0-cp39-abi3-win_arm64.whl", hash = "sha256:b0fdbcf513833809c882823f98dc2f931cf659d9a1429616ac3adebb49f5db94", size = 27149, upload-time = "2025-07-30T10:01:59.329Z" },
    { url = "https://files.pythonhosted.org/packages/11/2d/ba4e4ca8d149f8dcc0d952ac0967089e1d759c7e5fcf0865a317eb680fbb/argon2_cffi_bindings-25.1.0-pp310-pypy310_pp73-macosx_10_15_x86_64.whl", hash = "sha256:6dca33a9859abf613e22733131fc9194091c1fa7cb3e131c143056b4856aa47e", size = 24549, upload-time = "2025-07-30T10:02:00.101Z" },
    { url = "https://files.pythonhosted.org/packages/5c/82/9b2386cc75ac0bd3210e12a44bfc7fd1632065ed8b80d573036eecb10442/argon2_cffi_bindings-25.1.0-pp310-pypy310_pp73-macosx_11_0_arm64.whl", hash = "sha256:21378b40e1b8d1655dd5310c84a40fc19a9aa5e6366e835ceb8576bf0fea716d", size = 25539, upload-time = "2025-07-30T10:02:00.929Z" },
    { url = "https://files.pythonhosted.org/packages/31/db/740de99a37aa727623730c90d92c22c9e12585b3c98c54b7960f7810289f/argon2_cffi_bindings-25.1.0-pp310-pypy310_pp73-manylinux_2_26_aarch64.manylinux_2_28_aarch64.whl", hash = "sha256:5d588dec224e2a83edbdc785a5e6f3c6cd736f46bfd4b441bbb5aa1f5085e584", size = 28467, upload-time = "2025-07-30T10:02:02.08Z" },
    { url = "https://files.pythonhosted.org/packages/71/7a/47c4509ea18d755f44e2b92b7178914f0c113946d11e16e626df8eaa2b0b/argon2_cffi_bindings-25.1.0-pp310-pypy310_pp73-manylinux_2_26_x86_64.manylinux_2_28_x86_64.whl", hash = "sha256:5acb4e41090d53f17ca1110c3427f0a130f944b896fc8c83973219c97f57b690", size = 27355, upload-time = "2025-07-30T10:02:02.867Z" },
    { url = "https://files.pythonhosted.org/packages/ee/82/82745642d3c46e7cea25e1885b014b033f4693346ce46b7f47483cf5d448/argon2_cffi_bindings-25.1.0-pp310-pypy310_pp73-win_amd64.whl", hash = "sha256:da0c79c23a63723aa5d782250fbf51b768abca630285262fb5144ba5ae01e520", size = 29187, upload-time = "2025-07-30T10:02:03.674Z" },
]

[[package]]
name = "arrow"
version = "1.4.0"
source = { registry = "https://pypi.org/simple" }
dependencies = [
    { name = "python-dateutil" },
    { name = "tzdata" },
]
sdist = { url = "https://files.pythonhosted.org/packages/b9/33/032cdc44182491aa708d06a68b62434140d8c50820a087fac7af37703357/arrow-1.4.0.tar.gz", hash = "sha256:ed0cc050e98001b8779e84d461b0098c4ac597e88704a655582b21d116e526d7", size = 152931, upload-time = "2025-10-18T17:46:46.761Z" }
wheels = [
    { url = "https://files.pythonhosted.org/packages/ed/c9/d7977eaacb9df673210491da99e6a247e93df98c715fc43fd136ce1d3d33/arrow-1.4.0-py3-none-any.whl", hash = "sha256:749f0769958ebdc79c173ff0b0670d59051a535fa26e8eba02953dc19eb43205", size = 68797, upload-time = "2025-10-18T17:46:45.663Z" },
]

[[package]]
name = "asttokens"
version = "3.0.1"
source = { registry = "https://pypi.org/simple" }
sdist = { url = "https://files.pythonhosted.org/packages/be/a5/8e3f9b6771b0b408517c82d97aed8f2036509bc247d46114925e32fe33f0/asttokens-3.0.1.tar.gz", hash = "sha256:71a4ee5de0bde6a31d64f6b13f2293ac190344478f081c3d1bccfcf5eacb0cb7", size = 62308, upload-time = "2025-11-15T16:43:48.578Z" }
wheels = [
    { url = "https://files.pythonhosted.org/packages/d2/39/e7eaf1799466a4aef85b6a4fe7bd175ad2b1c6345066aa33f1f58d4b18d0/asttokens-3.0.1-py3-none-any.whl", hash = "sha256:15a3ebc0f43c2d0a50eeafea25e19046c68398e487b9f1f5b517f7c0f40f976a", size = 27047, upload-time = "2025-11-15T16:43:16.109Z" },
]

[[package]]
name = "async-lru"
version = "2.0.5"
source = { registry = "https://pypi.org/simple" }
dependencies = [
    { name = "typing-extensions", marker = "python_full_version < '3.11'" },
]
sdist = { url = "https://files.pythonhosted.org/packages/b2/4d/71ec4d3939dc755264f680f6c2b4906423a304c3d18e96853f0a595dfe97/async_lru-2.0.5.tar.gz", hash = "sha256:481d52ccdd27275f42c43a928b4a50c3bfb2d67af4e78b170e3e0bb39c66e5bb", size = 10380, upload-time = "2025-03-16T17:25:36.919Z" }
wheels = [
    { url = "https://files.pythonhosted.org/packages/03/49/d10027df9fce941cb8184e78a02857af36360d33e1721df81c5ed2179a1a/async_lru-2.0.5-py3-none-any.whl", hash = "sha256:ab95404d8d2605310d345932697371a5f40def0487c03d6d0ad9138de52c9943", size = 6069, upload-time = "2025-03-16T17:25:35.422Z" },
]

[[package]]
name = "attrs"
version = "25.4.0"
source = { registry = "https://pypi.org/simple" }
sdist = { url = "https://files.pythonhosted.org/packages/6b/5c/685e6633917e101e5dcb62b9dd76946cbb57c26e133bae9e0cd36033c0a9/attrs-25.4.0.tar.gz", hash = "sha256:16d5969b87f0859ef33a48b35d55ac1be6e42ae49d5e853b597db70c35c57e11", size = 934251, upload-time = "2025-10-06T13:54:44.725Z" }
wheels = [
    { url = "https://files.pythonhosted.org/packages/3a/2a/7cc015f5b9f5db42b7d48157e23356022889fc354a2813c15934b7cb5c0e/attrs-25.4.0-py3-none-any.whl", hash = "sha256:adcf7e2a1fb3b36ac48d97835bb6d8ade15b8dcce26aba8bf1d14847b57a3373", size = 67615, upload-time = "2025-10-06T13:54:43.17Z" },
]

[[pÛµã‹h‘éì¶»§q«^tô€‰¡ÑÑÁÌè¼½™¥±•Ì¹ÁåÑ¡½¹¡½ÍÑ•¹½Éœ½Á…­…•Ì¼äØ½ˆÐ¼å‰…‰‘•˜åŒÀÄÜÈÁ„ÀÜàÔäÐÕŒÝ˜ÔÔÁ”Ñ…Á•‰Ý‰‘É”Ù˜Á…„ÜäàÅ™„àÕ”È½Áå…ÉÉ½Ü´ÈÈ¸À¸ÀµÀÌÄÌµÀÌÄÍÐµµ…¹å±¥¹Õá|É|Èá}……É ØÐ¹Ý¡°ˆ°¡…Í €ô€‰Í¡„ÈÔØéŒÀØÑ”ÈàÌØÅŒÀÕÜÉ••á”ÜÐÑŒäØÀÕ‰ÙÉ‰ˆÜÐàÅ„ÔÄÅŒÜÐÀÜÅ™åˆÈÑ‰ŒØÕÝˆ°Í¥é”€ô€ÐÐàäÈÀØÀ°ÕÁ±½…µÑ¥µ”€ô€ˆÈÀÈÔ´ÄÀ´ÈÑPÄÀèÀÜèÈØ¸ÀÀÉhˆô°(€€€ìÕÉ°€ô€‰¡ÑÑÁÌè¼½™¥±•Ì¹ÁåÑ¡½¹¡½ÍÑ•¹½Éœ½Á…­…•Ì½˜à½„¼É˜ààÀÑ•‘ØÈÜå˜Üá„ÌÜÀØÉàÄÍ‘”Í˜ÄÙ˜ÈäÄàÌàÜÐÐÐÝ•˜ÙÅ……‘‰ˆÑ•™„Á˜½Áå…ÉÉ½Ü´ÈÈ¸À¸ÀµÀÌÄÌµÀÌÄÍÐµµ…¹å±¥¹Õá|É|Èá}ààÙ|ØÐ¹Ý¡°ˆ°¡…Í €ô€‰Í¡„ÈÔØèÙ˜äÜØÈÈÜÐÐäÙŒÈÐÑäÔÅŒàÄäÌÐá…™‰˜ÈÄÈÜÄÐäÀÈÜÐÈÈÈÕ˜ØÐå˜ÀÈàÈÍ„Ù„ÄÁ˜ˆ°Í¥é”€ô€ÐÜÔÀÐÌäÔ°ÕÁ±½…µÑ¥µ”€ô€ˆÈÀÈÔ´ÄÀ´ÈÑPÄÀèÀÜèÌÐ¸Àåhˆô°(€€€ìÕÉ°€ô€‰¡ÑÑÁÌè¼½™¥±•Ì¹ÁåÑ¡½¹¡½ÍÑ•¹½Éœ½Á…­…•Ì½ˆä½˜À¼ÜÝ…„ÔÄäá™ÌäÐÌØàÉˆÉ”Ñ™……˜ÄÜå„ØÜÑ˜Á•‘•„ÁÔÕÌÈÙàÍˆÈÈÜÝäÌØÌ½Áå…ÉÉ½Ü´ÈÈ¸À¸ÀµÀÌÄÌµÀÌÄÍÐµµÕÍ±±¥¹Õá|Å|É}……É ØÐ¹Ý¡°ˆ°¡…Í €ô€‰Í¡„ÈÔØé„åå™™‘ŒÉ…ˆØäÙ˜ÙˆÄÕˆÑÅ˜Ý•ŒØØÔá”ÅÜààÄÈÐÐÄáˆÌÀÀÌÁ…™‰…”ÌÅŒØÐÜÐØˆ°Í¥é”€ô€ÐàÀØØÈÄØ°ÕÁ±½…µÑ¥µ”€ô€ˆÈÀÈÔ´ÄÀ´ÈÑPÄÀèÀÜèÐÌ¸ÔÈáhˆô°(€€€ìÕÉ°€ô€‰¡ÑÑÁÌè¼½™¥±•Ì¹ÁåÑ¡½¹¡½ÍÑ•¹½Éœ½Á…­…•Ì¼Üä¼àÜ½„ÄäÌÝˆÙ”ÜáˆÉ…™˜ÄáˆÜÀÙÜÌáŒå”ÐÙ…‘”Õ‰™˜ÄÅˆÈäÑ”ÌåŒàÜÜÀÙ„ÀÀàå…Œ½Áå…ÉÉ½Ü´ÈÈ¸À¸ÀµÀÌÄÌµÀÌÄÍÐµµÕÍ±±¥¹Õá|Å|É}ààÙ|ØÐ¹Ý¡°ˆ°¡…Í €ô€‰Í¡„ÈÔØé•ŒÅ„ÄÔäØá„åàÁ‘„ÀÅ”ÅÌÀÌÐåˆÉˆÁÝŒäÅ”äØÔàá•”ÌÈÑ”ÅˆÔÈÈàÄÜÔÀÐÍ”äÔˆ°Í¥é”€ô€ÔÀÈààÔÔÈ°ÕÁ±½…µÑ¥µ”€ô€ˆÈÀÈÔ´ÄÀ´ÈÑPÄÀèÀÜèÔÌ¸ÔÄåhˆô°(€€€ìÕÉ°€ô€‰¡ÑÑÁÌè¼½™¥±•Ì¹ÁåÑ¡½¹¡½ÍÑ•¹½Éœ½Á…­…•Ì¼ØÀ½…”½ˆÕ„ÔàÄÅ”ÄÅ˜ÈÔÜàá™‘…„á˜ÈÙˆØÜäÅŒäàÀÜÄÄå‘™™˜àÀÔÄÐÔÀÔÔÈÝŒÌàÑŒ½Áå…ÉÉ½Ü´ÈÈ¸À¸ÀµÀÌÄÌµÀÌÄÍÐµÝ¥¹}…µØÐ¹Ý¡°ˆ°¡…Í €ô€‰Í¡„ÈÔØé‰‰„ÈÀáåŒÝ‘•˜ääØÄääá•‘˜ÕŒØÕ”Í•„ÐÌÔÕÔàÄá‘ÙÁ˜ØàÀå‰•ŒÅ…™ˆäÔÅŒˆ°Í¥é”€ô€ÈàÈØÈÔÀÐ°ÕÁ±½…µÑ¥µ”€ô€ˆÈÀÈÔ´ÄÀ´ÈÑPÄÀèÀàèÀÀ¸äÌÉhˆô°(€€€ìÕÉ°€ô€‰¡ÑÑÁÌè¼½™¥±•Ì¹ÁåÑ¡½¹¡½ÍÑ•¹½Éœ½Á…­…•Ì½‰½ˆÀ¼Á™„ÑÈá„á•‘ˆÐÉˆÁ„ÜÄÐÑ•‘ÈÁ‰•™ÀÐÄÜÍ…ŒÜäàÄäÔÐÜÈÄÙ˜á„å˜ÌÙ˜å”ÔÀ½Áå…ÉÉ½Ü´ÈÈ¸À¸ÀµÀÌÄÐµÀÌÄÐµµ…½Íá|ÄÉ|Á}…É´ØÐ¹Ý¡°ˆ°¡…Í €ô€‰Í¡„ÈÔØèå‰‘‘ŒÉ…‘”ØÔØÅ˜ØàÈÁÑÜÍ˜äå„ÀÈÐÌÔÌÉ…ÔÀÙ‰ŒÔÄÁ„ÜÕ„Õ„ØÕ„ÔÈÉˆÉÜÑˆ°Í¥é”€ô€ÌÐÈÈÐÀØÈ°ÕÁ±½…µÑ¥µ”€ô€ˆÈÀÈÔ´ÄÀ´ÈÑPÄÀèÀàèÄÐ¸ÄÀÅhˆô°(€€€ìÕÉ°€ô€‰¡ÑÑÁÌè¼½™¥±•Ì¹ÁåÑ¡½¹¡½ÍÑ•¹½Éœ½Á…­…•Ì¼Á˜½„à¼Ý„ÜÄäÀÜÙˆÍŒÅ‰”Á…•˜ÔÙ„ÀÜÈÈÁŒÔàÙ˜ÈÕÈÑ‘”Á”Í˜ÌÄÀÉˆÐÌáÄá…”Õ‘˜½Áå…ÉÉ½Ü´ÈÈ¸À¸ÀµÀÌÄÐµÀÌÄÐµµ…½Íá|ÄÉ|Á}ààÙ|ØÐ¹Ý¡°ˆ°¡…Í €ô€‰Í¡„ÈÔØé”ÜÁ™˜äÁŒØÐÐÄäÜÀåÌáŒàäÌÉ•„å™”ÅŒäàÐÄÕŒÑ˜àÝ•„á‘„àÄÜÄå”ÐÍ˜ÀÈÔÌÑ‰Œäˆ°Í¥é”€ô€ÌÔääÀÀÔÜ°ÕÁ±½…µÑ¥µ”€ô€ˆÈÀÈÔ´ÄÀ´ÈÑPÄÀèÀàèÈÄ¸àÐÉhˆô°(€€€ìÕÉ°€ô€‰¡ÑÑÁÌè¼½™¥±•Ì¹ÁåÑ¡½¹¡½ÍÑ•¹½Éœ½Á…­…•Ì¼àä¼ÍŒ¼ÌÔå•ÔÑŒäÍˆÐÝ™ˆÙ™”ÌÁ•ÄÙ‘˜ÔÁ”Í˜Á”áˆå™ˆÄÅˆàØÈÄáŒÌØÄå…”ÔÁ„à½Áå…ÉÉ½Ü´ÈÈ¸À¸ÀµÀÌÄÐµÀÌÄÐµµ…¹å±¥¹Õá|É|Èá}……É ØÐ¹Ý¡°ˆ°¡…Í €ô€‰Í¡„ÈÔØèäÈàÐÍŒÌÀÔÌÌÁ…„äÑ„ÌÙ”ÜÀÙŒÄØÈÀåÑ‘˜ÈÜÐØäÍ”ÜÜÝ„ÐÜÄÄÈØÄÝ‘ˆÝÁ•˜ÍÜˆ°Í¥é”€ô€ÐÔÀØàÀÀÈ°ÕÁ±½…µÑ¥µ”€ô€ˆÈÀÈÔ´ÄÀ´ÈÑPÄÀèÀàèÈä¸ÀÌÑhˆô°(€€€ìÕÉ°€ô€‰¡ÑÑÁÌè¼½™¥±•Ì¹ÁåÑ¡½¹¡½ÍÑ•¹½Éœ½Á…­…•Ì¼ÔÔ½™Œ¼ÐäÐÔàäÙŒàØÌàÔÌÙ•”ÜàÝ„Í‰Ù”Ý•Œá•Œå…˜ÐÔÉÜá•ŒÌå…ˆÌÈá•™„Á„Ä½Áå…ÉÉ½Ü´ÈÈ¸À¸ÀµÀÌÄÐµÀÌÄÐµµ…¹å±¥¹Õá|É|Èá}ààÙ|ØÐ¹Ý¡°ˆ°¡…Í €ô€‰Í¡„ÈÔØèÙ‘‘„Å‘‘…ŒÀÌÍÈÜÐÈÅŒÈÁÝ„ÜäÐÍ••ŒØÁ‰”ÐÑ”Á‘ˆÑ”ÀÜå˜ÌÍŒÕ…˜ÍˆàÈàÁ‘”ˆ°Í¥é”€ô€ÐÜÜÌÜÜØÔ°ÕÁ±½…µÑ¥µ”€ô€ˆÈÀÈÔ´ÄÀ´ÈÑPÄÀèÀàèÌà¸ÔÔåhˆô°(€€€ìÕÉ°€ô€‰¡ÑÑÁÌè¼½™¥±•Ì¹ÁåÑ¡½¹¡½ÍÑ•¹½Éœ½Á…­…•Ì½¼Õ”¼ÝˆÝ•‘•ˆÉ…‰™…„Å˜ÜåˆÕÕ•ˆàäÐÌÈÌÔØÄÔÕŒàÐÈÙ˜ÜÕÌÜÔÍ‰ˆäÔäÉŒÁ™½Áå…ÉÉ½Ü´ÈÈ¸À¸ÀµÀÌÄÐµÀÌÄÐµµÕÍ±±¥¹Õá|Å|É}……É ØÐ¹Ý¡°ˆ°¡…Í €ô€‰Í¡„ÈÔØèàÐÌÜàÄÄÁ‘å„ÙŒÀØÌÈÍˆÐÅˆÔÙ”ÄÈåŒÔÀÑÄÔÝÅ„äàÍ”á˜ÔÐÐÌÜØÅ•ˆÔÈÔÙ‰…™Œˆ°Í¥é”€ô€ÐàÀÐàÄÌä°ÕÁ±½…µÑ¥µ”€ô€ˆÈÀÈÔ´ÄÀ´ÈÑPÄÀèÀàèÐØ¸ÜàÑhˆô°(€€€ìÕÉ°€ô€‰¡ÑÑÁÌè¼½™¥±•Ì¹ÁåÑ¡½¹¡½ÍÑ•¹½Éœ½Á…­…•Ì¼àà½ŒØ¼ÔÐÙ‰…„ÝŒÐàÄàÕ˜Õ”åÙ”ÔäÈÜÝŒÑˆÄå˜ÌÁ˜ÐáŒäÑå‘äÌáŒÉ„àÁÑÙˆÀØÝŒ½Áå…ÉÉ½Ü´ÈÈ¸À¸ÀµÀÌÄÐµÀÌÄÐµµÕÍ±±¥¹Õá|Å|É}ààÙ|ØÐ¹Ý¡°ˆ°¡…Í €ô€‰Í¡„ÈÔØèàÔÐÜäÐÈÌäÄÄÅÉˆàáˆÐÁˆÙ•˜äÉ…„ÐÜàÀÈÑÅ”ÔÀÜÑ˜ÌØÐÀÌÍ”ÜÍ”ÈÅ”Í˜ÜÙˆÈÕ”Àˆ°Í¥é”€ô€ÔÀÌÄÐÈÐÐ°ÕÁ±½…µÑ¥µ”€ô€ˆÈÀÈÔ´ÄÀ´ÈÑPÄÀèÀàèÔÔ¸ÜÜÅhˆô°(€€€ìÕÉ°€ô€‰¡ÑÑÁÌè¼½™¥±•Ì¹ÁåÑ¡½¹¡½ÍÑ•¹½Éœ½Á…­…•Ì¼ÍŒ¼Üä¼ÜÔÕ™˜ÉÄÐÕ……™•ŒáÌÐÝ‰˜Äá˜äÕ”Ñ”àÅŒÀÀÄÈÝ˜ÀÙÀàÀÄÌÕ‘™ŒàÙ…•„ÐÄÝŒ½Áå…ÉÉ½Ü´ÈÈ¸À¸ÀµÀÌÄÐµÀÌÄÐµÝ¥¹}…µØÐ¹Ý¡°ˆ°¡…Í €ô€‰Í¡„ÈÔØéˆààÍ™”Ù™àÕ…‘…ÜäÌÉˆÌÈÜÅŒÌá…ŒÈàåŒØÕˆÜÌÌÝŒÉŒÄÌÉ”äÔØå˜åÌäÐÀØÈÀÜÌÀˆ°Í¥é”€ô€ÈàÜÔÜÔÀÄ°ÕÁ±½…µÑ¥µ”€ô€ˆÈÀÈÔ´ÄÀ´ÈÑPÄÀèÀäèÔä¸àäÅhˆô°(€€€ìÕÉ°€ô€‰¡ÑÑÁÌè¼½™¥±•Ì¹ÁåÑ¡½¹¡½ÍÑ•¹½Éœ½Á…­…•Ì¼Á”½È¼ÈÌÝÜÕ…ŒÈá•ÌÄÐÜäÄÈäÔÑ”ÍŒÅ„ÄÜÑ‘˜ÐÍ„äÕ˜Ñ˜àá”ÐØÜàÀäÄÄá„àÄØÕ”À½Áå…ÉÉ½Ü´ÈÈ¸À¸ÀµÀÌÄÐµÀÌÄÑÐµµ…½Íá|ÄÉ|Á}…É´ØÐ¹Ý¡°ˆ°¡…Í €ô€‰Í¡„ÈÔØèÝ„àÈÁá…”ÄÅ™…˜ÌÈÔàÔÔÀÝŒÄÅ˜ÀÑ”Í˜ÌàÌÐÍŒÅ”ÜàÑŒåˆÕ„áˆÅ‘„ÕŒäÌÀÔÐÝ™”Èˆ°Í¥é”€ô€ÌÐÌÔÔÔÀØ°ÕÁ±½…µÑ¥µ”€ô€ˆÈÀÈÔ´ÄÀ´ÈÑPÄÀèÀäèÀÈ¸äÔÍhˆô°(€€€ìÕÉ°€ô€‰¡ÑÑÁÌè¼½™¥±•Ì¹ÁåÑ¡½¹¡½ÍÑ•¹½Éœ½Á…­…•Ì¼Å”¼ÉŒ¼ÜÌÍ‘™™™”ÙÌÀØäÜÐÁ˜äá”ÔÝ™˜àÄÀÀÜàÀäÀØÝØàØÈÙŒÕ™…•˜ÈäÌÐÌÑÄÅ‰Ø½Áå…ÉÉ½Ü´ÈÈ¸À¸ÀµÀÌÄÐµÀÌÄÑÐµµ…½Íá|ÄÉ|Á}ààÙ|ØÐ¹Ý¡°ˆ°¡…Í €ô€‰Í¡„ÈÔØéŒÙ•ŒÌØÜÕäàäÄÕ‰˜Å•ŒáˆÍŒÜäàØÐÈÈØàÉ˜ÜÈÌÉ•„ÜÙ…ÈÜÙ˜ÑŒá…‰ÕˆÜÌÄåˆÜÀˆ°Í¥é”€ô€ÌØÀÐÜÌÄÈ°ÕÁ±½…µÑ¥µ”€ô€ˆÈÀÈÔ´ÄÀ´ÈÑPÄÀèÀäèÄÀ¸ÌÌÑhˆô°(€€€ìÕÉ°€ô€‰¡ÑÑÁÌè¼½™¥±•Ì¹ÁåÑ¡½¹¡½ÍÑ•¹½Éœ½Á…­…•Ì¼ÝŒ¼Éˆ¼ÈåÙ”ÌÜàÉ‘ŒÅ˜ÈääÜÈÜÐØÉŒÄÔÐÍ…˜ÌÔÝ„Á˜ÉŒÅÍŒÄØÁ”ÄäääÔÁå„ÔÅ•ˆ½Áå…ÉÉ½Ü´ÈÈ¸À¸ÀµÀÌÄÐµÀÌÄÑÐµµ…¹å±¥¹Õá|É|Èá}……É ØÐ¹Ý¡°ˆ°¡…Í €ô€‰Í¡„ÈÔØèÍ”ÜÌå•‘ÀÀÅˆÀÑ˜ØÔÑˆÄØØÈÀÑ™ŒÝ„å‘”àäÙ˜ØÀÀÝ•…™˜ÌÌÐÀå•”å”ÔÁ•…™˜ÜÔÐˆ°Í¥é”€ô€ÐÔÀàÄØÀä°ÕÁ±½…µÑ¥µ”€ô€ˆÈÀÈÔ´ÄÀ´ÈÑPÄÀèÀäèÄà¸ØÅhˆô°(€€€ìÕÉ°€ô€‰¡ÑÑÁÌè¼½™¥±•Ì¹ÁåÑ¡½¹¡½ÍÑ•¹½Éœ½Á…­…•Ì¼á¼ÐÈ½…„äÌÔÕ•ŒÀÔääÜäÄÕ…˜ÅˆÝˆäÐÝ„Ý˜ØÙŒÀÉ‘…„äÈÝ˜ÌÈÀÍˆàÜàÜÅŒÄÄÑ‰„ÄÀ½Áå…ÉÉ½Ü´ÈÈ¸À¸ÀµÀÌÄÐµÀÌÄÑÐµµ…¹å±¥¹Õá|É|Èá}ààÙ|ØÐ¹Ý¡°ˆ°¡…Í €ô€‰Í¡„ÈÔØèÜÌàá…ŒØàÕ…ˆÕˆÈÜå„ÐÅ‘™”Á„Ùäå”Ñ‘‰˜ÌÈÉ•‘™ˆØÍ”ÀÉ™ŒÀÐÐÍ‰˜ÈÐÄÌÑ”äÄˆ°Í¥é”€ô€ÐÜÜÀÌØØÌ°ÕÁ±½…µÑ¥µ”€ô€ˆÈÀÈÔ´ÄÀ´ÈÑPÄÀèÀäèÈÜ¸ÌØåhˆô°(€€€ìÕÉ°€ô€‰¡ÑÑÁÌè¼½™¥±•Ì¹ÁåÑ¡½¹¡½ÍÑ•¹½Éœ½Á…­…•Ì½•”¼ØÈ¼ÐÕ…‰•‘‘”ÐàÀÄØá”àÍ„Å‘”ÀÀÕˆÝˆÜÀÐÍ™ÔÔÌÌÈÅŒÅ”áŒÕ„å„ÄÄÐÐÈÕ˜ØÐàÐÈ½Áå…ÉÉ½Ü´ÈÈ¸À¸ÀµÀÌÄÐµÀÌÄÑÐµµÕÍ±±¥¹Õá|Å|É}……É ØÐ¹Ý¡°ˆ°¡…Í €ô€‰Í¡„ÈÔØé˜ØÌÌÀÜÑ˜ÌÙ‘‰ŒÌÍÕŒÀÕˆÕ‘ŒÜÔÌÜÅ”ÔØØÁ˜Å‘‰˜åŒáˆÅäÔØØå‘•˜ÀÕ”ÔÐÈÔäàåŒˆ°Í¥é”€ô€ÐàÀØØÔÐÌ°ÕÁ±½…µÑ¥µ”€ô€ˆÈÀÈÔ´ÄÀ´ÈÑPÄÀèÀäèÌÐ¸äÀáhˆô°(€€€ìÕÉ°€ô€‰¡ÑÑÁÌè¼½™¥±•Ì¹ÁåÑ¡½¹¡½ÍÑ•¹½Éœ½Á…­…•Ì¼àÐ½”ä¼ÜàÜàäÐÁ„ÕˆÀÜÉ”Ñ˜Í‰˜ääàÜÜÁ……™•…”ÄÍˆÈØÝ˜äàäÍ…˜Õ˜ÙÑ…ˆÌäÀÑˆØÝ”½Áå…ÉÉ½Ü´ÈÈ¸À¸ÀµÀÌÄÐµÀÌÄÑÐµµÕÍ±±¥¹Õá|Å|É}ààÙ|ØÐ¹Ý¡°ˆ°¡…Í €ô€‰Í¡„ÈÔØèÑŒÄäÈÌÙ…”ÈÐÀÉ„àØØÍ„ÉŒá˜ÈÅ˜ÄàÜÁ„ÀÍŒÔÝ˜Á‰•˜Ý”ÑˆÙ•ˆÌÈÌáŒàÈäÐÑ‘”àÀˆ°Í¥é”€ô€ÔÀÈàààÌà°ÕÁ±½…µÑ¥µ”€ô€ˆÈÀÈÔ´ÄÀ´ÈÑPÄÀèÀäèÐÐ¸ÌäÑhˆô°(€€€ìÕÉ°€ô€‰¡ÑÑÁÌè¼½™¥±•Ì¹ÁåÑ¡½¹¡½ÍÑ•¹½Éœ½Á…­…•Ì¼Ýˆ¼ÀÌ½˜ÌÌÕÙŒÔÉˆÑ„ÐÜØÅ‰ŒàÌÐääÜàå„Å”É”ÄÙåÈÀÅ„ÔáŒÌÈÝ„åˆÕŒå„ÐÅ‰ä½Áå…ÉÉ½Ü´ÈÈ¸À¸ÀµÀÌÄÐµÀÌÄÑÐµÝ¥¹}…µØÐ¹Ý¡°ˆ°¡…Í €ô€‰Í¡„ÈÔØèÁŒÌÑ™”ÄàÀäÐØàØÄäÑ˜ÈÀÑ„ÍˆÄÜàÝ„ÈÜÐÔØàäÝá„ÉØÉ…˜àÑˆØÅ”á‘™‰ŒÀÈÔÉ…”ˆ°Í¥é”€ô€ÈäÄàÔÔäÐ°ÕÁ±½…µÑ¥µ”€ô€ˆÈÀÈÔ´ÄÀ´ÈÑPÄÀèÀäèÔÌ¸ÄÄÅhˆô°)t()mmÁ…­…•ut)¹…µ”€ô€‰ÁåÁ…ÉÍ•Èˆ)Ù•ÉÍ¥½¸€ô€ˆÈ¸ÈÌˆ)Í½ÕÉ”€ôìÉ•¥ÍÑÉä€ô€‰¡ÑÑÁÌè¼½ÁåÁ¤¹½Éœ½Í¥µÁ±”ˆô)Í‘¥ÍÐ€ôìÕÉ°€ô€‰¡ÑÑÁÌè¼½™¥±•Ì¹ÁåÑ¡½¹¡½ÍÑ•¹½Éœ½Á…­…•Ì½™”½˜½ÉÍˆå˜ÔØäå™ˆÅ”ÐØÄÕŒá”ÌÉ™˜ÈÈÀÈÀÍ”ÐÍˆÈÐá”Å‘™ŒØÜÌÙ…äÀÔÜÜÌÅ„½ÁåÁ…ÉÍ•È´È¸ÈÌ¹Ñ…È¹èˆ°¡…Í €ô€‰Í¡„ÈÔØèÜààÄÙÑ˜ÈÑ…‘á˜ÄÁ„ÀÙÙ˜ÀÕˆÑÐÈÑ…å”äÙ™•‰˜Øá„Ñ‘‘ŒäåŒØÕŒÀÜÈÁÀÁŒÈˆ°Í¥é”€ô€ÄÜÌÜÌÐ°ÕÁ±½…µÑ¥µ”€ô€ˆÈÀÈÔ´Àä´ÀåPÄÌèÈÌèÐÜ¸äÅhˆô)Ý¡••±Ì€ôl(€€€ìÕÉ°€ô€‰¡ÑÑÁÌè¼½™¥±•Ì¹ÁåÑ¡½¹¡½ÍÑ•¹½Éœ½Á…­…•Ì½„À½”Ì¼ÔåÔÀÌÄÁ™ŒåˆÔäÔÄÈÄäÌØÈå”ÄäàÑŒÅ˜äÕ”ÕŒá…”Ù”ÕáŒØäÔÌÉŒØÕ„Ý™”½ÁåÁ…ÉÍ•È´È¸ÈÌµÁäÌµ¹½¹”µ…¹ä¹Ý¡°ˆ°¡…Í €ô€‰Í¡„ÈÔØé”ÕŒÙ”áÍ™‰…ÔÌÐÜå…ˆÀå…ŒÀÌÜÈå”Á„å™…˜É‰•”Í‘ˆàÈÀá„ÔÔÁ‘…˜Õ…˜àÅ„ÔäÌÐˆ°Í¥é”€ô€ÄÄàÄÐÀ°ÕÁ±½…µÑ¥µ”€ô€ˆÈÀÈÔ´Àä´ÀåPÄÌèÈÌèÐØ¸ØÔÅhˆô°)t()mmÁ…­…•ut)¹…µ”€ô€‰Áåµ•¹ÑÌˆ)Ù•ÉÍ¥½¸€ô€ˆÈ¸Ää¸Èˆ)Í½ÕÉ”€ôìÉ•¥ÍÑÉä€ô€‰¡ÑÑÁÌè¼½ÁåÁ¤¹½Éœ½Í¥µÁ±”ˆô)Í‘¥ÍÐ€ôìÕÉ°€ô€‰¡ÑÑÁÌè¼½™¥±•Ì¹ÁåÑ¡½¹¡½ÍÑ•¹½Éœ½Á…­…•Ì½ˆÀ¼ÜÜ½„ÕˆáŒÔØå‰˜ÔäÍˆÀÄÐÁ‰‘”ÜÉ•„ààÕ„àÀÍˆàÈÀàØääÔÌØÝ‰˜ÈÀÌÝ‘”ÀÄÔåäÈÐ½Áåµ•¹ÑÌ´È¸Ää¸È¹Ñ…È¹èˆ°¡…Í €ô€‰Í¡„ÈÔØèØÌÙˆÈÐÜÝ•ŒÝ˜àäÔÈÔÌØäÜÁ‰ŒÔÌÍ‰ŒÐÌÜÐÌÔÐÉ˜ÜÀÌäÉ…”ÀÈØÌÜÐØÀÁ…‘ÕˆààÜˆ°Í¥é”€ô€ÐäØàØÌÄ°ÕÁ±½…µÑ¥µ”€ô€ˆÈÀÈÔ´ÀØ´ÈÅPÄÌèÌäèÄÈ¸ÈàÍhˆô)Ý¡••±Ì€ôl(€€€ìÕÉ°€ô€‰¡ÑÑÁÌè¼½™¥±•Ì¹ÁåÑ¡½¹¡½ÍÑ•¹½Éœ½Á…­…•Ì½ŒÜ¼ÈÄ¼ÜÀÔäØÑŒÜàÄÈÐÜÙ˜ÌÜàÜÈá‰‘˜ÔäÁ„ÑˆÜÜÅ•ŒÜÈÌàÕŒÔÌÌäØÐØÔÍŒØá”àÙ‰‘Œ½Áåµ•¹ÑÌ´È¸Ää¸ÈµÁäÌµ¹½¹”µ…¹ä¹Ý¡°ˆ°¡…Í €ô€‰Í¡„ÈÔØèàØÔÐÀÌàÙŒÀÍÔàá‰ˆàÅÐÑ‰ŒÌäÈàØÌÑ™˜ÈØÐÐäàÔÅ”ääÜÐÄØÄÝ•ˆäÀÌÝ•”Õ•ŒÁˆˆ°Í¥é”€ô€ÄÈÈÔÈÄÜ°ÕÁ±½…µÑ¥µ”€ô€ˆÈÀÈÔ´ÀØ´ÈÅPÄÌèÌäèÀÜ¸äÌåhˆô°)t()mmÁ…­…•ut)¹…µ”€ô€‰Áåµ‘½Ý¸µ•áÑ•¹Í¥½¹Ìˆ)Ù•ÉÍ¥½¸€ô€ˆÄÀ¸Ää¸Äˆ)Í½ÕÉ”€ôìÉ•¥ÍÑÉä€ô€‰¡ÑÑÁÌè¼½ÁåÁ¤¹½Éœ½Í¥µÁ±”ˆô)‘•Á•¹‘•¹¥•Ì€ôl(€€€ì¹…µ”€ô€‰µ…É­‘½Ý¸ˆ°Ù•ÉÍ¥½¸€ô€ˆÌ¸äˆ°Í½ÕÉ”€ôìÉ•¥ÍÑÉä€ô€‰¡ÑÑÁÌè¼½ÁåÁ¤¹½Éœ½Í¥µÁ±”ˆô°µ…É­•È€ô€‰ÁåÑ¡½¹}™Õ±±}Ù•ÉÍ¥½¸€ð€œÌ¸ÄÀœˆô°(€€€ì¹…µ”€ô€‰µ…É­‘½Ý¸ˆ°Ù•ÉÍ¥½¸€ô€ˆÌ¸ÄÀˆ°Í½ÕÉ”€ôìÉ•¥ÍÑÉä€ô€‰¡ÑÑÁÌè¼½ÁåÁ¤¹½Éœ½Í¥µÁ±”ˆô°µ…É­•È€ô€‰ÁåÑ¡½¹}™Õ±±}Ù•ÉÍ¥½¸€øô€œÌ¸ÄÀœˆô°(€€€ì¹…µ”€ô€‰Áåå…µ°ˆô°)t)Í‘¥ÍÐ€ôìÕÉ°€ô€‰¡ÑÑÁÌè¼½™¥±•Ì¹ÁåÑ¡½¹¡½ÍÑ•¹½Éœ½Á…­…•Ì¼ÜÈ¼É¼å˜ÌÁ•”ÔÙÑÙÈÈÈÐÌÁÐÀÅ”àÕˆÁ„Ù„Å…”ÈÈäàÄäÌØÉ˜ÔÜàØäÐÍÅ„áŒÀÍˆ½Áåµ‘½Ý¹}•áÑ•¹Í¥½¹Ì´ÄÀ¸Ää¸Ä¹Ñ…È¹èˆ°¡…Í €ô€‰Í¡„ÈÔØèÐäØåŒØäÄÀÀå„Ìàå™ˆÅ˜äÜÄÉ‘á”Ý‰ÜÁ‘ŒÐÄáÄÕ„Á™…˜ÜÁ…ˆÔÄÄÝÀÈÉ˜Ý‘”àˆ°Í¥é”€ô€àÐÜàÌä°ÕÁ±½…µÑ¥µ”€ô€ˆÈÀÈÔ´ÄÈ´ÄÑPÄÜèÈÔèÈÐ¸ÐÉhˆô)Ý¡••±Ì€ôl(€€€ìÕÉ°€ô€‰¡ÑÑÁÌè¼½™¥±•Ì¹ÁåÑ¡½¹¡½ÍÑ•¹½Éœ½Á…­…•Ì½™ˆ¼ÌÔ½ˆÜØÍ”á™‰ÔÄäØàÌÈåˆå…‘ŒÔÉÄàá™ŒäÜàÔå˜àÕ˜É•”ÄÕ™”å˜ÌÜääàÝäåŒÔ½Áåµ‘½Ý¹}•áÑ•¹Í¥½¹Ì´ÄÀ¸Ää¸ÄµÁäÌµ¹½¹”µ…¹ä¹Ý¡°ˆ°¡…Í €ô€‰Í¡„ÈÔØé”àØäá„ØØÀÔÕˆÅ‘ŒÁ‘„É„Ý˜ÉŒåÁ•„Ù˜Õ™…„ÜàÌÑ„åŒÐÌÉ”ÌÔÌÕ…ˆäÙŒÁŒÑ”ÔÀåˆˆ°Í¥é”€ô€ÈØØØäÌ°ÕÁ±½…µÑ¥µ”€ô€ˆÈÀÈÔ´ÄÈ´ÄÑPÄÜèÈÔèÈÈ¸ääåhˆô°)t()mmÁ…­…•ut)¹…µ”€ô€‰ÁåÁ…ÉÍ¥¹œˆ)Ù•ÉÍ¥½¸€ô€ˆÌ¸Ì¸Äˆ)Í½ÕÉ”€ôìÉ•¥ÍÑÉä€ô€‰¡ÑÑÁÌè¼½ÁåÁ¤¹½Éœ½Í¥µÁ±”ˆô)Í‘¥ÍÐ€ôìÕÉ°€ô€‰¡ÑÑÁÌè¼½™¥±•Ì¹ÁåÑ¡½¹¡½ÍÑ•¹½Éœ½Á…­…•Ì¼ÌÌ½ŒÄ¼Åå‘”å…•…„ÅˆàåˆÀÄàÙ”Õ™”ÈÌÈäÑ™˜ØÔÄÝ™”Å‰ŒØäÄÐäÄàÔÔÜÝÌÄÀÄÙˆÈ½ÁåÁ…ÉÍ¥¹œ´Ì¸Ì¸Ä¹Ñ…È¹èˆ°¡…Í €ô€‰Í¡„ÈÔØèÐÝ™…Á˜ÄÝ…ŒÅ”É…Í‘”ÍˆÐÔàÔÜÁ™‰ŒåˆÀÌÔØÁ…„ÀÈå•Õ”ÄÙ•”ÔÔÔÑ‘„å„ÈÈÔÅŒˆ°Í¥é”€ô€ÄÔÔÀÔÄÈ°ÕÁ±½…µÑ¥µ”€ô€ˆÈÀÈÔ´ÄÈ´ÈÍPÀÌèÄÐèÀÐ¸ÌäÅhˆô)Ý¡••±Ì€ôl(€€€ìÕÉ°€ô€‰¡ÑÑÁÌè¼½™¥±•Ì¹ÁåÑ¡½¹¡½ÍÑ•¹½Éœ½Á…­…•Ì¼áˆ¼ÐÀ¼ÈØÄÐÀÌÙ‘ÐÄØÐÔÉ˜Õ‰˜äá•ŒÀÌÝ˜Ìá„Å…™ˆÄÝ˜ÌÈÝˆá”ÙˆØÔÉÐÜÈå”Á…˜à½ÁåÁ…ÉÍ¥¹œ´Ì¸Ì¸ÄµÁäÌµ¹½¹”µ…¹ä¹Ý¡°ˆ°¡…Í €ô€‰Í¡„ÈÔØèÀÈÍˆÕ”Ý”ÔÔÈÁ…äØØÐÉ”ÉŒÙ‘ˆÑˆØàÍÌäÜÁ‰ØÐÁ‘˜ÜÄÄÔÀÐå„Ù”åŒÌØàÉ‘˜àÈˆ°Í¥é”€ô€ÄÈÄÜäÌ°ÕÁ±½…µÑ¥µ”€ô€ˆÈÀÈÔ´ÄÈ´ÈÍPÀÌèÄÐèÀÈ¸ÄÀÍhˆô°)t()mmÁ…­…•ut)¹…µ”€ô€‰ÁåÑ•ÍÐˆ)Ù•ÉÍ¥½¸€ô€ˆÜ¸Ð¸Ðˆ)Í½ÕÉ”€ôìÉ•¥ÍÑÉä€ô€‰¡ÑÑÁÌè¼½ÁåÁ¤¹½Éœ½Í¥µÁ±”ˆô)‘•Á•¹‘•¹¥•Ì€ôl(€€€ì¹…µ”€ô€‰½±½É…µ„ˆ°µ…É­•È€ô€‰ÍåÍ}Á±…Ñ™½É´€ôô€Ý¥¸ÌÈœˆô°(€€€ì¹…µ”€ô€‰•á•ÁÑ¥½¹É½ÕÀˆ°µ…É­•È€ô€‰ÁåÑ¡½¹}™Õ±±}Ù•ÉÍ¥½¸€ð€œÌ¸ÄÄœˆô°(€€€ì¹…µ”€ô€‰¥¹¥½¹™¥œˆ°Ù•ÉÍ¥½¸€ô€ˆÈ¸Ä¸Àˆ°Í½ÕÉ”€ôìÉ•¥ÍÑÉä€ô€‰¡ÑÑÁÌè¼½ÁåÁ¤¹½Éœ½Í¥µÁ±”ˆô°µ…É­•È€ô€‰ÁåÑ¡½¹}™Õ±±}Ù•ÉÍ¥½¸€ð€œÌ¸ÄÀœˆô°(€€€ì¹…µ”€ô€‰¥¹¥½¹™¥œˆ°Ù•ÉÍ¥½¸€ô€ˆÈ¸Ì¸Àˆ°Í½ÕÉ”€ôìÉ•¥ÍÑÉä€ô€‰¡ÑÑÁÌè¼½ÁåÁ¤¹½Éœ½Í¥µÁ±”ˆô°µ…É­•È€ô€‰ÁåÑ¡½¹}™Õ±±}Ù•ÉÍ¥½¸€øô€œÌ¸ÄÀœˆô°(€€€ì¹…µ”€ô€‰Á…­…¥¹œˆô°(€€€ì¹…µ”€ô€‰Á±Õäˆô°(€€€ì¹…µ”€ô€‰Ñ½µ±¤ˆ°µ…É­•È€ô€‰ÁåÑ¡½¹}™Õ±±}Ù•ÉÍ¥½¸€ð€œÌ¸ÄÄœˆô°)t)Í‘¥ÍÐ€ôìÕÉ°€ô€‰¡ÑÑÁÌè¼½™¥±•Ì¹ÁåÑ¡½¹¡½ÍÑ•¹½Éœ½Á…­…•Ì¼àÀ¼Å˜¼åá”äá”ÐÄÌÍ™™ˆÄÙŒäÁ˜ÍˆÐÀÕŒÐÍ”ÌáÍ…‰ˆÜÄÕ‰ˆÕÝ„ØÍ„Õ„ØàÑ˜Ý”ÐÙ„Ì½ÁåÑ•ÍÐ´Ü¸Ð¸Ð¹Ñ…È¹èˆ°¡…Í €ô€‰Í¡„ÈÔØèÉ˜ÀÀÀÔäÈÉŒÙ…”Ñ„Í”É•ŒáˆÐÀàÁ•ˆÁäÜÔÍ™‘ŒäÌÄÀÜÐÄÔÌÌÉ˜ÔÁ”å”ÜääÐÈàÀˆ°Í¥é”€ô€ÄÌÔÜÄÄØ°ÕÁ±½…µÑ¥µ”€ô€ˆÈÀÈÌ´ÄÈ´ÌÅPÄÈèÀÀèÄà¸ÀÌÕhˆô)Ý¡••±Ì€ôl(€€€ìÕÉ°€ô€‰¡ÑÑÁÌè¼½™¥±•Ì¹ÁåÑ¡½¹¡½ÍÑ•¹½Éœ½Á…­…•Ì¼ÔÄ½™˜½˜Ù”áˆá˜Ìå”ÀàÔÐÝ™…•”Ñ‰àÁ˜àåÕ„á‘”Øá„ÌáˆÉÄÜåŒÅŒÐÐäÁ™™„ÌÈàØ½ÁåÑ•ÍÐ´Ü¸Ð¸ÐµÁäÌµ¹½¹”µ…¹ä¹Ý¡°ˆ°¡…Í €ô€‰Í¡„ÈÔØéˆÀäÁ‘˜Õ•ØÁ‰˜ÑŒÐÔÈØÅ‰”ÀÌÈÌåŒÉŒÅŒÈÉ‘˜ÀÌÑ™‰™™”ØäÅ…‰”äÍàÁ•„ÀÅàˆ°Í¥é”€ô€ÌÈÔÈàÜ°ÕÁ±½…µÑ¥µ”€ô€ˆÈÀÈÌ´ÄÈ´ÌÅPÄÈèÀÀèÄÌ¸äØÍhˆô°)t()mmÁ…­…•ut)¹…µ”€ô€‰ÁåÑ•ÍÐµ½Øˆ)Ù•ÉÍ¥½¸€ô€ˆÐ¸Ä¸Àˆ)Í½ÕÉ”€ôìÉ•¥ÍÑÉä€ô€‰¡ÑÑÁÌè¼½ÁåÁ¤¹½Éœ½Í¥µÁ±”ˆô)‘•Á•¹‘•¹¥•Ì€ôl(€€€ì¹…µ”€ô€‰½Ù•É…”ˆ°Ù•ÉÍ¥½¸€ô€ˆÜ¸ÄÀ¸Üˆ°Í½ÕÉ”€ôìÉ•¥ÍÑÉä€ô€‰¡ÑÑÁÌè¼½ÁåÁ¤¹½Éœ½Í¥µÁ±”ˆô°•áÑÉ„€ôl‰Ñ½µ°‰t°µ…É­•È€ô€‰ÁåÑ¡½¹}™Õ±±}Ù•ÉÍ¥½¸€ð€œÌ¸ÄÀœˆô°(€€€ì¹…µ”€ô€‰½Ù•É…”ˆ°Ù•ÉÍ¥½¸€ô€ˆÜ¸ÄÌ¸Àˆ°Í½ÕÉ”€ôìÉ•¥ÍÑÉä€ô€‰¡ÑÑÁÌè¼½ÁåÁ¤¹½Éœ½Í¥µÁ±”ˆô°•áÑÉ„€ôl‰Ñ½µ°‰t°µ…É­•È€ô€‰ÁåÑ¡½¹}™Õ±±}Ù•ÉÍ¥½¸€øô€œÌ¸ÄÀœˆô°(€€€ì¹…µ”€ô€‰ÁåÑ•ÍÐˆô°)t)Í‘¥ÍÐ€ôìÕÉ°€ô€‰¡ÑÑÁÌè¼½™¥±•Ì¹ÁåÑ¡½¹¡½ÍÑ•¹½Éœ½Á…­…•Ì¼Ý„¼ÄÔ½‘„Í‘˜äå™ÔÔÄÔÀÜØäÑ„åˆÀÅ˜ÔÄÉ„É˜Ù˜ÄÈÔÑ˜ÌÌØÀÄØÀÔàÐÍŒÌÜÜÕ˜ÌäÐØÀ½ÁåÑ•ÍÐµ½Ø´Ð¸Ä¸À¹Ñ…È¹èˆ°¡…Í €ô€‰Í¡„ÈÔØèÌäÀÑˆÄÍ‘™‰™•ŒÐÝ˜ÀÀÍˆá”ÜÝ™ÕˆÔàåÄÄäÀÑ„ÈÅ‘‘˜Å…ˆÌá„ØÑ˜ÈÀÑÙ„ÄÁ•˜Øˆ°Í¥é”€ô€ØÌÈÐÔ°ÕÁ±½…µÑ¥µ”€ô€ˆÈÀÈÌ´ÀÔ´ÈÑPÄàèÐÐèÔØ¸àÐÕhˆô)Ý¡••±Ì€ôl(€€€ìÕÉ°€ô€‰¡ÑÑÁÌè¼½™¥±•Ì¹ÁåÑ¡½¹¡½ÍÑ•¹½Éœ½Á…­…•Ì½„Ü¼Ñˆ¼áˆÜáÄÈÙ”ÈÜÕ•™„ÈÌÜåˆÅŒÉ”Àå‘ŒÔÉ˜ÜÁ‘˜ÄÙ™ŒÍˆäÀØÄÍ•˜àÈÔÌÄÐäåÜÌ½ÁåÑ•ÍÑ}½Ø´Ð¸Ä¸ÀµÁäÌµ¹½¹”µ…¹ä¹Ý¡°ˆ°¡…Í €ô€‰Í¡„ÈÔØèÙ‰„ÜÁˆå”äÝ”Øå™ŒÍ™ˆÐÕ‰™•…ˆÉÁ„ÄÌá™ˆØÕŒÑÁÙ„ÐÅ•˜ÌÌäàÍ…ÄÄÑ‰”áŒÍ„ˆ°Í¥é”€ô€ÈÄäÐä°ÕÁ±½…µÑ¥µ”€ô€ˆÈÀÈÌ´ÀÔ´ÈÑPÄàèÐÐèÔÐ¸ÀÜåhˆô°)t()mmÁ…­…•ut)¹…µ”€ô€‰ÁåÑ¡½¸µ‘…Ñ•ÕÑ¥°ˆ)Ù•ÉÍ¥½¸€ô€ˆÈ¸ä¸À¹Á½ÍÐÀˆ)Í½ÕÉ”€ôìÉ•¥ÍÑÉä€ô€‰¡ÑÑÁÌè¼½ÁåÁ¤¹½Éœ½Í¥µÁ±”ˆô)‘•Á•¹‘•¹¥•Ì€ôl(€€€ì¹…µ”€ô€‰Í¥àˆô°)t)Í‘¥ÍÐ€ôìÕÉ°€ô€‰¡ÑÑÁÌè¼½™¥±•Ì¹ÁåÑ¡½¹¡½ÍÑ•¹½Éœ½Á…­…•Ì¼ØØ½ŒÀ¼ÁŒáˆÙ…å˜ÄÝ„àÀÉ•”ÐäáŒÐÙ”ÀÀÑ„Á•ˆÐå‰ŒÄÐá˜É™ÈÌÀàØÐØÀÅ„àÙ‘˜Ù‘ˆ½ÁåÑ¡½¸µ‘…Ñ•ÕÑ¥°´È¸ä¸À¹Á½ÍÐÀ¹Ñ…È¹èˆ°¡…Í €ô€‰Í¡„ÈÔØèÌÝ‘ÔÐÈÀá‘„Ý”ÅàÜÔÌààÈÄÝÕ”ÀÁ•‰ÐÄÜäÈÐå˜äÁ™ˆÜÈÐÌÝ”äÅ„ÌÔÐÔå„Á…Ìˆ°Í¥é”€ô€ÌÐÈÐÌÈ°ÕÁ±½…µÑ¥µ”€ô€ˆÈÀÈÐ´ÀÌ´ÀÅPÄàèÌØèÈÀ¸ÈÄÅhˆô)Ý¡••±Ì€ôl(€€€ìÕÉ°€ô€‰¡ÑÑÁÌè¼½™¥±•Ì¹ÁåÑ¡½¹¡½ÍÑ•¹½Éœ½Á…­…•Ì½•Œ¼ÔÜ¼ÔÙˆå‰ŒÍŒåŒÙ„ÜäÉ™‰…˜ÄÌäÔÐÍ•”ÜÜÈØÅ˜ÌØÔÅ„å‘„ÁŒäÍ˜ÕŒÄÈÈÄÈØÑˆ½ÁåÑ¡½¹}‘…Ñ•ÕÑ¥°´È¸ä¸À¹Á½ÍÐÀµÁäÈ¹ÁäÌµ¹½¹”µ…¹ä¹Ý¡°ˆ°¡…Í €ô€‰Í¡„ÈÔØé„áˆÉ‰ŒÝ‰™™…”ÈàÈÈàÅŒàÄÐÁ„äÝÍ…„åŒÄÑ‘„ÁˆÄÌÙ‘™”àÍ˜àÔÁ••„å„Õ˜ÜÐÜÀÐÈÜˆ°Í¥é”€ô€ÈÈäàäÈ°ÕÁ±½…µÑ¥µ”€ô€ˆÈÀÈÐ´ÀÌ´ÀÅPÄàèÌØèÄà¸ÔÝhˆô°)t()mmÁ…­…•ut)¹…µ”€ô€‰ÁåÑ¡½¸µ©Í½¸µ±½•Èˆ)Ù•ÉÍ¥½¸€ô€ˆÐ¸À¸Àˆ)Í½ÕÉ”€ôìÉ•¥ÍÑÉä€ô€‰¡ÑÑÁÌè¼½ÁåÁ¤¹½Éœ½Í¥µÁ±”ˆô)‘•Á•¹‘•¹¥•Ì€ôl(€€€ì¹…µ”€ô€‰ÑåÁ¥¹œµ•áÑ•¹Í¥½¹Ìˆ°µ…É­•È€ô€‰ÁåÑ¡½¹}™Õ±±}Ù•ÉÍ¥½¸€ð€œÌ¸ÄÀœˆô°)t)Í‘¥ÍÐ€ôìÕÉ°€ô€‰¡ÑÑÁÌè¼½™¥±•Ì¹ÁåÑ¡½¹¡½ÍÑ•¹½Éœ½Á…­…•Ì¼Èä½‰˜½•„Ù„ÍÐÍ‘ˆÅ‘…”ÜÀÜÁ˜ÜÁ”ÄØÁ…ˆÈÁˆàÀÜØÈÝ‰„äÔÌØØÍ‰„ÀÜäÈá‘Í‘ŒÔà½ÁåÑ¡½¹}©Í½¹}±½•È´Ð¸À¸À¹Ñ…È¹èˆ°¡…Í €ô€‰Í¡„ÈÔØé˜Ôá”Øá•ˆÐÙ”Å™…•ÈÝ”Á˜ÔÜÑ„ÔÕ„ÀÐÔÕ••Ýˆá„ÕˆàáˆàÕ„ÜàÐÔÄå‰„Í™˜ÀÐÝ˜ˆ°Í¥é”€ô€ÄÜØàÌ°ÕÁ±½…µÑ¥µ”€ô€ˆÈÀÈÔ´ÄÀ´ÀÙPÀÐèÄÔèÄà¸äàÑhˆô)Ý¡••±Ì€ôl(€€€ìÕÉ°€ô€‰¡ÑÑÁÌè¼½™¥±•Ì¹ÁåÑ¡½¹¡½ÍÑ•¹½Éœ½Á…­…•Ì¼ÔÄ½”Ô½™•˜ÄÍ˜ÀÙ”Õ”Õ˜ØÝ”ààÌÝÜÜÝÅ‰ŒÐÍ™…ŒÁ•ÉˆÜÝ„ØÜØàÀÑ‘˜ÕŒÌÐÜÐÐÜÈÜ½ÁåÑ¡½¹}©Í½¹}±½•È´Ð¸À¸ÀµÁäÌµ¹½¹”µ…¹ä¹Ý¡°ˆ°¡…Í €ô€‰Í¡„ÈÔØé…˜ÀåŒå‘…˜Ù„àÄÍ…„ÑŒÜÄàÀÌäÕ˜ÔÁ˜É„å”Õ™„ÀÔØÀÌÑŒääÔÍ…•ŒäÉ”ÌàÅŒÕ‰„Å”Èˆ°Í¥é”€ô€ÄÔÔÐà°ÕÁ±½…µÑ¥µ”€ô€ˆÈÀÈÔ´ÄÀ´ÀÙPÀÐèÄÔèÄÜ¸ÔÔÍhˆô°)t()mmÁ…­…•ut)¹…µ”€ô€‰ÁåÑèˆ)Ù•ÉÍ¥½¸€ô€ˆÈÀÈÔ¸Èˆ)Í½ÕÉ”€ôìÉ•¥ÍÑÉä€ô€‰¡ÑÑÁÌè¼½ÁåÁ¤¹½Éœ½Í¥µÁ±”ˆô)Í‘¥ÍÐ€ôìÕÉ°€ô€‰¡ÑÑÁÌè¼½™¥±•Ì¹ÁåÑ¡½¹¡½ÍÑ•¹½Éœ½Á…­…•Ì½˜à½‰˜½…‰‰Í‘™ˆá™‰ŒÝ™ˆÍÑÌáÌÈÁ˜ÈÐÐÅˆÅ”Ý‰”Èå‰”Ñ˜ÈÌÜäÝˆÑ„ÉˆÕá……Œ½ÁåÑè´ÈÀÈÔ¸È¹Ñ…È¹èˆ°¡…Í €ô€‰Í¡„ÈÔØèÌØÁˆå”Í‘‰ˆÐå„ÈÀåŒÈÅ…ØÄàÀåŒÝ™ˆÐÔÌØÐÍ”ÀÐáˆÌàäÈÑŒÜØÔàÄÌÔÐØÜÐÙ”àÅŒÌˆ°Í¥é”€ô€ÌÈÀààÐ°ÕÁ±½…µÑ¥µ”€ô€ˆÈÀÈÔ´ÀÌ´ÈÕPÀÈèÈÔèÀÀ¸ÔÌáhˆô)Ý¡••±Ì€ôl(€€€ìÕÉ°€ô€‰¡ÑÑÁÌè¼½™¥±•Ì¹ÁåÑ¡½¹¡½ÍÑ•¹½Éœ½Á…­…•Ì¼àÄ½ŒÐ¼ÌÑ”äÍ™”Õ˜ÔÐÈåÜÔÜÁ•ŒÅ™„ÐÌÙ˜ÄäàÙ™ˆÅ˜ÀÁŒÍ”Á˜ÐÍ„Ôàå™”É‰‰ÈÉŒÍ˜½ÁåÑè´ÈÀÈÔ¸ÈµÁäÈ¹ÁäÌµ¹½¹”µ…¹ä¹Ý¡°ˆ°¡…Í €ô€‰Í¡„ÈÔØèÕ‘‘˜ÜØÈäÙ‘áŒÐÑŒÈÙ•ˆá˜ÑˆÙ˜ÌÔÐàá˜Í‰˜Ù™‰‰Ý…‘•”ÁˆÜÈØÉÐÍ˜Á•ŒÉ˜ÀÀˆ°Í¥é”€ô€ÔÀäÈÈÔ°ÕÁ±½…µÑ¥µ”€ô€ˆÈÀÈÔ´ÀÌ´ÈÕPÀÈèÈÐèÔà¸ÐØáhˆô°)t()mmÁ…­…•ut)¹…µ”€ô€‰ÁåÝ¥¸ÌÈˆ)Ù•ÉÍ¥½¸€ô€ˆÌÄÄˆ)Í½ÕÉ”€ôìÉ•¥ÍÑÉä€ô€‰¡ÑÑÁÌè¼½ÁåÁ¤¹½Éœ½Í¥µÁ±”ˆô)Ý¡••±Ì€ôl(€€€ìÕÉ°€ô€‰¡ÑÑÁÌè¼½™¥±•Ì¹ÁåÑ¡½¹¡½ÍÑ•¹½Éœ½Á…­…•Ì¼Ýˆ¼ÐÀ¼ÐÑ•™‰ˆÁ‘™‰ÌÍ…„Ù„ØÐàÌÄäÅ‘…”ÀÜÄØÀÜÁ•äå”É•ˆÁŒÔÌØàÍ˜ÐÀÁ„ÁˆÑ˜½ÁåÝ¥¸ÌÈ´ÌÄÄµÀÌÄÀµÀÌÄÀµÝ¥¸ÌÈ¹Ý¡°ˆ°¡…Í €ô€‰Í¡„ÈÔØéÀÍ™˜ÐäÙÉ„ÁÑ„ÔàäÌÔÀÐÜàåÑ„ÄÔÌääÄÌÍ™”àÈÔÄÜÐÔÕ”Üá‰…ØÉ•™‰ˆÝ˜Á„Ìˆ°Í¥é”€ô€àÜØÀÐÌÈ°ÕÁ±½…µÑ¥µ”€ô€ˆÈÀÈÔ´ÀÜ´ÄÑPÈÀèÄÌèÀÔ¸åhˆô°(€€€ìÕÉ°€ô€‰¡ÑÑÁÌè¼½™¥±•Ì¹ÁåÑ¡½¹¡½ÍÑ•¹½Éœ½Á…­…•Ì¼Õ”½‰˜¼ÌØÀÈÐÍˆÅ”äÔÍ‰ÈÔÑ„àÉ˜ÄÈØÔÌäÜÑ‰”ÌäÕ‰„ààÁ”Ý•ŒÈÍ”ÌÜÌÅå˜ÜÌäÈÅŒ½ÁåÝ¥¸ÌÈ´ÌÄÄµÀÌÄÀµÀÌÄÀµÝ¥¹}…µØÐ¹Ý¡°ˆ°¡…Í €ô€‰Í¡„ÈÔØèÜäÝŒÈÜÜÈÀÄÜàÔÄäàÑˆäÜÄàÁˆÁ‰•‰”ÑˆØÈÁ‰ˆàØÌÈá”á„ààÑ‰ˆØÈØÄÔØÈäÕ„ØÍˆÍˆˆ°Í¥é”€ô€äÔäÀÄÀÌ°ÕÁ±½…µÑ¥µ”€ô€ˆÈÀÈÔ´ÀÜ´ÄÑPÈÀèÄÌèÀÜ¸Øäáhˆô°(€€€ìÕÉ°€ô€‰¡ÑÑÁÌè¼½™¥±•Ì¹ÁåÑ¡½¹¡½ÍÑ•¹½Éœ½Á…­…•Ì¼ÔÜ¼Ìà½ÈäÀÜÈÁ”Ù˜ÄÌàÀàÙ™ˆÍÕ™™”ÁˆÙ…„ÀÄå„ÜäÅ‘ÔÜàØØäÐÁŒàÉ”Ñ••…˜ÈÀÄÈ½ÁåÝ¥¸ÌÈ´ÌÄÄµÀÌÄÀµÀÌÄÀµÝ¥¹}…É´ØÐ¹Ý¡°ˆ°¡…Í €ô€‰Í¡„ÈÔØèÀÔÀÉÅ™…˜Å™•ÐàÌå„å„ÔÅ‰ŒØÍäÔÉ˜ÌÄá˜Üá™™ŒÀÁ„Ý”ÜàÔÈá…ŒÈÝÝ„Éˆˆ°Í¥é”€ô€àÜÜàÔÔÜ°ÕÁ±½…µÑ¥µ”€ô€ˆÈÀÈÔ´ÀÜ´ÄÑPÈÀèÄÌèÄÄ¸ÄÅhˆô°(€€€ìÕÉ°€ô€‰¡ÑÑÁÌè¼½™¥±•Ì¹ÁåÑ¡½¹¡½ÍÑ•¹½Éœ½Á…­…•Ì¼ÝŒ½…˜¼ÐÐå„Ù„äÅ”ÕÙ‘ˆÔÄÐÈÀàÜÕŒÔÑ˜Ù…™˜ÝŒäÝ„àÙ„ÍˆÄÍ„ÁˆÑ˜Å„ÕŒÄÍˆäàá‘”Ì½ÁåÝ¥¸ÌÈ´ÌÄÄµÀÌÄÄµÀÌÄÄµÝ¥¸ÌÈ¹Ý¡°ˆ°¡…Í €ô€‰Í¡„ÈÔØèÄàÑ•ˆÕ”ÐÌÙ‘•„ÌØÑ‘ÍÈÌÄÙÔÜÝØÈÕŒÀÌÔÅ‰˜ÈÌÝŒÑ”å„Õ™…‰‰™„Õ„ÔáˆÄÔÄˆ°Í¥é”€ô€àØäÜÀÌÄ°ÕÁ±½…µÑ¥µ”€ô€ˆÈ